
Microsoft Visual Studio Solution File, Format Version 12.00
# Visual Studio 2017
Project("{FAE04EC0-301F-11D3-BF4B-00C04F79EFBC}") = "Calamine", "Calamine.csproj", "{FBCF62F5-7539-9B65-531E-EE6123B4B49C}"
EndProject
Project("{FAE04EC0-301F-11D3-BF4B-00C04F79EFBC}") = "Calamine.Plugins", "Calamine.Plugins.csproj", "{DBD6B304-06C7-5597-6395-1C087B9CFF23}"
EndProject
Project("{FAE04EC0-301F-11D3-BF4B-00C04F79EFBC}") = "Calamine.Editor", "Calamine.Editor.csproj", "{36A71934-F36F-5F63-43CA-2DF8AC7E187F}"
EndProject
Project("{FAE04EC0-301F-11D3-BF4B-00C04F79EFBC}") = "Calamine.Editor.Plugins", "Calamine.Editor.Plugins.csproj", "{0C4783C4-D5A4-3BF8-A6B8-3C631B817DA9}"
EndProject
Global
	GlobalSection(SolutionConfigurationPlatforms) = preSolution
		Debug|Any CPU = Debug|Any CPU
		Release|Any CPU = Release|Any CPU
	EndGlobalSection
	GlobalSection(ProjectConfigurationPlatforms) = postSolution
		{FBCF62F5-7539-9B65-531E-EE6123B4B49C}.Debug|Any CPU.ActiveCfg = Debug|Any CPU
		{FBCF62F5-7539-9B65-531E-EE6123B4B49C}.Debug|Any CPU.Build.0 = Debug|Any CPU
		{FBCF62F5-7539-9B65-531E-EE6123B4B49C}.Release|Any CPU.ActiveCfg = Release|Any CPU
		{FBCF62F5-7539-9B65-531E-EE6123B4B49C}.Release|Any CPU.Build.0 = Release|Any CPU
		{DBD6B304-06C7-5597-6395-1C087B9CFF23}.Debug|Any CPU.ActiveCfg = Debug|Any CPU
		{DBD6B304-06C7-5597-6395-1C087B9CFF23}.Debug|Any CPU.Build.0 = Debug|Any CPU
		{DBD6B304-06C7-5597-6395-1C087B9CFF23}.Release|Any CPU.ActiveCfg = Release|Any CPU
		{DBD6B304-06C7-5597-6395-1C087B9CFF23}.Release|Any CPU.Build.0 = Release|Any CPU
		{36A71934-F36F-5F63-43CA-2DF8AC7E187F}.Debug|Any CPU.ActiveCfg = Debug|Any CPU
		{36A71934-F36F-5F63-43CA-2DF8AC7E187F}.Debug|Any CPU.Build.0 = Debug|Any CPU
		{36A71934-F36F-5F63-43CA-2DF8AC7E187F}.Release|Any CPU.ActiveCfg = Release|Any CPU
		{36A71934-F36F-5F63-43CA-2DF8AC7E187F}.Release|Any CPU.Build.0 = Release|Any CPU
		{0C4783C4-D5A4-3BF8-A6B8-3C631B817DA9}.Debug|Any CPU.ActiveCfg = Debug|Any CPU
		{0C4783C4-D5A4-3BF8-A6B8-3C631B817DA9}.Debug|Any CPU.Build.0 = Debug|Any CPU
		{0C4783C4-D5A4-3BF8-A6B8-3C631B817DA9}.Release|Any CPU.ActiveCfg = Release|Any CPU
		{0C4783C4-D5A4-3BF8-A6B8-3C631B817DA9}.Release|Any CPU.Build.0 = Release|Any CPU
	EndGlobalSection
	GlobalSection(SolutionProperties) = preSolution
		HideSolutionNode = FALSE
	EndGlobalSection
EndGlobal
